// !$*UTF8*$!
{
	archiveVersion = 1;
	classes = {
	};
	objectVersion = 56;
	objects = {

/* Begin PBXBuildFile section */
		D4A8F1552BC41F0500B6DA00 /* UITestDesignDemoUITests.swift in Sources */ = {isa = PBXBuildFile; fileRef = D4A8F1542BC41F0500B6DA00 /* UITestDesignDemoUITests.swift */; };
		D4CEB1172BC19465005A8867 /* AppDelegate.swift in Sources */ = {isa = PBXBuildFile; fileRef = D4CEB1162BC19465005A8867 /* AppDelegate.swift */; };
		D4CEB1192BC19465005A8867 /* SceneDelegate.swift in Sources */ = {isa = PBXBuildFile; fileRef = D4CEB1182BC19465005A8867 /* SceneDelegate.swift */; };
		D4CEB11B2BC19465005A8867 /* WelcomeViewController.swift in Sources */ = {isa = PBXBuildFile; fileRef = D4CEB11A2BC19465005A8867 /* WelcomeViewController.swift */; };
		D4CEB11E2BC19465005A8867 /* Base in Resources */ = {isa = PBXBuildFile; fileRef = D4CEB11D2BC19465005A8867 /* Base */; };
		D4CEB1202BC19466005A8867 /* Assets.xcassets in Resources */ = {isa = PBXBuildFile; fileRef = D4CEB11F2BC19466005A8867 /* Assets.xcassets */; };
		D4CEB1232BC19466005A8867 /* Base in Resources */ = {isa = PBXBuildFile; fileRef = D4CEB1222BC19466005A8867 /* Base */; };
		D4CEB1492BC195CE005A8867 /* Button.swift in Sources */ = {isa = PBXBuildFile; fileRef = D4CEB1482BC195CE005A8867 /* Button.swift */; };
		D4CEB14B2BC199F6005A8867 /* LoginViewController.swift in Sources */ = {isa = PBXBuildFile; fileRef = D4CEB14A2BC199F6005A8867 /* LoginViewController.swift */; };
		D4CEB14F2BC19B11005A8867 /* TextField.swift in Sources */ = {isa = PBXBuildFile; fileRef = D4CEB14E2BC19B11005A8867 /* TextField.swift */; };
		D4CEB1522BC19C1C005A8867 /* UIStoryboard+Extensions.swift in Sources */ = {isa = PBXBuildFile; fileRef = D4CEB1512BC19C1C005A8867 /* UIStoryboard+Extensions.swift */; };
		D4CEB1542BC2A8CF005A8867 /* HomeViewController.swift in Sources */ = {isa = PBXBuildFile; fileRef = D4CEB1532BC2A8CF005A8867 /* HomeViewController.swift */; };
		D4CEB1562BC2AE61005A8867 /* Optional+Extensions.swift in Sources */ = {isa = PBXBuildFile; fileRef = D4CEB1552BC2AE61005A8867 /* Optional+Extensions.swift */; };
		D4CEB1612BC2C5E3005A8867 /* CreateAccountViewController.swift in Sources */ = {isa = PBXBuildFile; fileRef = D4CEB1602BC2C5E3005A8867 /* CreateAccountViewController.swift */; };
		D4CEB1842BC32287005A8867 /* WelcomeAccessibility.swift in Sources */ = {isa = PBXBuildFile; fileRef = D4CEB15D2BC2BBA4005A8867 /* WelcomeAccessibility.swift */; };
		D4CEB1852BC32287005A8867 /* HomeAccessibility.swift in Sources */ = {isa = PBXBuildFile; fileRef = D4CEB1572BC2BAED005A8867 /* HomeAccessibility.swift */; };
		D4CEB1862BC32287005A8867 /* CreateAccountAccessibility.swift in Sources */ = {isa = PBXBuildFile; fileRef = D4CEB1622BC2C71B005A8867 /* CreateAccountAccessibility.swift */; };
		D4CEB1872BC32287005A8867 /* LoginAccessibility.swift in Sources */ = {isa = PBXBuildFile; fileRef = D4CEB15A2BC2BB72005A8867 /* LoginAccessibility.swift */; };
		D4CEB18A2BC32475005A8867 /* libAccessibilityTypes.a in Frameworks */ = {isa = PBXBuildFile; fileRef = D4CEB17D2BC32282005A8867 /* libAccessibilityTypes.a */; };
/* End PBXBuildFile section */

/* Begin PBXContainerItemProxy section */
		D4A8F1582BC41F0500B6DA00 /* PBXContainerItemProxy */ = {
			isa = PBXContainerItemProxy;
			containerPortal = D4CEB10B2BC19465005A8867 /* Project object */;
			proxyType = 1;
			remoteGlobalIDString = D4CEB1122BC19465005A8867;
			remoteInfo = UITestDesignDemo;
		};
/* End PBXContainerItemProxy section */

/* Begin PBXCopyFilesBuildPhase section */
		D4CEB17B2BC32282005A8867 /* CopyFiles */ = {
			isa = PBXCopyFilesBuildPhase;
			buildActionMask = 2147483647;
			dstPath = "include/$(PRODUCT_NAME)";
			dstSubfolderSpec = 16;
			files = (
			);
			runOnlyForDeploymentPostprocessing = 0;
		};
/* End PBXCopyFilesBuildPhase section */

/* Begin PBXFileReference section */
		D4A8F1522BC41F0500B6DA00 /* UITestDesignDemoUITests.xctest */ = {isa = PBXFileReference; explicitFileType = wrapper.cfbundle; includeInIndex = 0; path = UITestDesignDemoUITests.xctest; sourceTree = BUILT_PRODUCTS_DIR; };
		D4A8F1542BC41F0500B6DA00 /* UITestDesignDemoUITests.swift */ = {isa = PBXFileReference; lastKnownFileType = sourcecode.swift; path = UITestDesignDemoUITests.swift; sourceTree = "<group>"; };
		D4CEB1132BC19465005A8867 /* UITestDesignDemo.app */ = {isa = PBXFileReference; explicitFileType = wrapper.application; includeInIndex = 0; path = UITestDesignDemo.app; sourceTree = BUILT_PRODUCTS_DIR; };
		D4CEB1162BC19465005A8867 /* AppDelegate.swift */ = {isa = PBXFileReference; lastKnownFileType = sourcecode.swift; path = AppDelegate.swift; sourceTree = "<group>"; };
		D4CEB1182BC19465005A8867 /* SceneDelegate.swift */ = {isa = PBXFileReference; lastKnownFileType = sourcecode.swift; path = SceneDelegate.swift; sourceTree = "<group>"; };
		D4CEB11A2BC19465005A8867 /* WelcomeViewController.swift */ = {isa = PBXFileReference; lastKnownFileType = sourcecode.swift; path = WelcomeViewController.swift; sourceTree = "<group>"; };
		D4CEB11D2BC19465005A8867 /* Base */ = {isa = PBXFileReference; lastKnownFileType = file.storyboard; name = Base; path = Base.lproj/Main.storyboard; sourceTree = "<group>"; };
		D4CEB11F2BC19466005A8867 /* Assets.xcassets */ = {isa = PBXFileReference; lastKnownFileType = folder.assetcatalog; path = Assets.xcassets; sourceTree = "<group>"; };
		D4CEB1222BC19466005A8867 /* Base */ = {isa = PBXFileReference; lastKnownFileType = file.storyboard; name = Base; path = Base.lproj/LaunchScreen.storyboard; sourceTree = "<group>"; };
		D4CEB1242BC19466005A8867 /* Info.plist */ = {isa = PBXFileReference; lastKnownFileType = text.plist.xml; path = Info.plist; sourceTree = "<group>"; };
		D4CEB1482BC195CE005A8867 /* Button.swift */ = {isa = PBXFileReference; lastKnownFileType = sourcecode.swift; path = Button.swift; sourceTree = "<group>"; };
		D4CEB14A2BC199F6005A8867 /* LoginViewController.swift */ = {isa = PBXFileReference; lastKnownFileType = sourcecode.swift; path = LoginViewController.swift; sourceTree = "<group>"; };
		D4CEB14E2BC19B11005A8867 /* TextField.swift */ = {isa = PBXFileReference; lastKnownFileType = sourcecode.swift; path = TextField.swift; sourceTree = "<group>"; };
		D4CEB1512BC19C1C005A8867 /* UIStoryboard+Extensions.swift */ = {isa = PBXFileReference; lastKnownFileType = sourcecode.swift; path = "UIStoryboard+Extensions.swift"; sourceTree = "<group>"; };
		D4CEB1532BC2A8CF005A8867 /* HomeViewController.swift */ = {isa = PBXFileReference; lastKnownFileType = sourcecode.swift; path = HomeViewController.swift; sourceTree = "<group>"; };
		D4CEB1552BC2AE61005A8867 /* Optional+Extensions.swift */ = {isa = PBXFileReference; lastKnownFileType = sourcecode.swift; path = "Optional+Extensions.swift"; sourceTree = "<group>"; };
		D4CEB1572BC2BAED005A8867 /* HomeAccessibility.swift */ = {isa = PBXFileReference; lastKnownFileType = sourcecode.swift; path = HomeAccessibility.swift; sourceTree = "<group>"; };
		D4CEB15A2BC2BB72005A8867 /* LoginAccessibility.swift */ = {isa = PBXFileReference; lastKnownFileType = sourcecode.swift; path = LoginAccessibility.swift; sourceTree = "<group>"; };
		D4CEB15D2BC2BBA4005A8867 /* WelcomeAccessibility.swift */ = {isa = PBXFileReference; lastKnownFileType = sourcecode.swift; path = WelcomeAccessibility.swift; sourceTree = "<group>"; };
		D4CEB1602BC2C5E3005A8867 /* CreateAccountViewController.swift */ = {isa = PBXFileReference; lastKnownFileType = sourcecode.swift; path = CreateAccountViewController.swift; sourceTree = "<group>"; };
		D4CEB1622BC2C71B005A8867 /* CreateAccountAccessibility.swift */ = {isa = PBXFileReference; lastKnownFileType = sourcecode.swift; path = CreateAccountAccessibility.swift; sourceTree = "<group>"; };
		D4CEB17D2BC32282005A8867 /* libAccessibilityTypes.a */ = {isa = PBXFileReference; explicitFileType = archive.ar; includeInIndex = 0; path = libAccessibilityTypes.a; sourceTree = BUILT_PRODUCTS_DIR; };
/* End PBXFileReference section */

/* Begin PBXFrameworksBuildPhase section */
		D4A8F14F2BC41F0500B6DA00 /* Frameworks */ = {
			isa = PBXFrameworksBuildPhase;
			buildActionMask = 2147483647;
			files = (
			);
			runOnlyForDeploymentPostprocessing = 0;
		};
		D4CEB1102BC19465005A8867 /* Frameworks */ = {
			isa = PBXFrameworksBuildPhase;
			buildActionMask = 2147483647;
			files = (
				D4CEB18A2BC32475005A8867 /* libAccessibilityTypes.a in Frameworks */,
			);
			runOnlyForDeploymentPostprocessing = 0;
		};
		D4CEB17A2BC32282005A8867 /* Frameworks */ = {
			isa = PBXFrameworksBuildPhase;
			buildActionMask = 2147483647;
			files = (
			);
			runOnlyForDeploymentPostprocessing = 0;
		};
/* End PBXFrameworksBuildPhase section */

/* Begin PBXGroup section */
		D4A8F1532BC41F0500B6DA00 /* UITestDesignDemoUITests */ = {
			isa = PBXGroup;
			children = (
				D4A8F1542BC41F0500B6DA00 /* UITestDesignDemoUITests.swift */,
			);
			path = UITestDesignDemoUITests;
			sourceTree = "<group>";
		};
		D4CEB10A2BC19465005A8867 = {
			isa = PBXGroup;
			children = (
				D4CEB1152BC19465005A8867 /* UITestDesignDemo */,
				D4CEB17E2BC32282005A8867 /* AccessibilityTypes */,
				D4A8F1532BC41F0500B6DA00 /* UITestDesignDemoUITests */,
				D4CEB1142BC19465005A8867 /* Products */,
				D4CEB1882BC323C2005A8867 /* Frameworks */,
			);
			sourceTree = "<group>";
		};
		D4CEB1142BC19465005A8867 /* Products */ = {
			isa = PBXGroup;
			children = (
				D4CEB1132BC19465005A8867 /* UITestDesignDemo.app */,
				D4CEB17D2BC32282005A8867 /* libAccessibilityTypes.a */,
				D4A8F1522BC41F0500B6DA00 /* UITestDesignDemoUITests.xctest */,
			);
			name = Products;
			sourceTree = "<group>";
		};
		D4CEB1152BC19465005A8867 /* UITestDesignDemo */ = {
			isa = PBXGroup;
			children = (
				D4CEB1162BC19465005A8867 /* AppDelegate.swift */,
				D4CEB11F2BC19466005A8867 /* Assets.xcassets */,
				D4CEB1502BC19C09005A8867 /* Extensions */,
				D4CEB1242BC19466005A8867 /* Info.plist */,
				D4CEB1212BC19466005A8867 /* LaunchScreen.storyboard */,
				D4CEB11C2BC19465005A8867 /* Main.storyboard */,
				D4CEB1182BC19465005A8867 /* SceneDelegate.swift */,
				D4CEB14C2BC19A3F005A8867 /* ViewControllers */,
				D4CEB14D2BC19A46005A8867 /* Views */,
			);
			path = UITestDesignDemo;
			sourceTree = "<group>";
		};
		D4CEB14C2BC19A3F005A8867 /* ViewControllers */ = {
			isa = PBXGroup;
			children = (
				D4CEB1642BC2DAE9005A8867 /* CreateAccount */,
				D4CEB1652BC2DAF0005A8867 /* Home */,
				D4CEB1662BC2DAF5005A8867 /* Login */,
				D4CEB1672BC2DAFA005A8867 /* Welcome */,
			);
			path = ViewControllers;
			sourceTree = "<group>";
		};
		D4CEB14D2BC19A46005A8867 /* Views */ = {
			isa = PBXGroup;
			children = (
				D4CEB1482BC195CE005A8867 /* Button.swift */,
				D4CEB14E2BC19B11005A8867 /* TextField.swift */,
			);
			path = Views;
			sourceTree = "<group>";
		};
		D4CEB1502BC19C09005A8867 /* Extensions */ = {
			isa = PBXGroup;
			children = (
				D4CEB1552BC2AE61005A8867 /* Optional+Extensions.swift */,
				D4CEB1512BC19C1C005A8867 /* UIStoryboard+Extensions.swift */,
			);
			path = Extensions;
			sourceTree = "<group>";
		};
		D4CEB1642BC2DAE9005A8867 /* CreateAccount */ = {
			isa = PBXGroup;
			children = (
				D4CEB1602BC2C5E3005A8867 /* CreateAccountViewController.swift */,
			);
			path = CreateAccount;
			sourceTree = "<group>";
		};
		D4CEB1652BC2DAF0005A8867 /* Home */ = {
			isa = PBXGroup;
			children = (
				D4CEB1532BC2A8CF005A8867 /* HomeViewController.swift */,
			);
			path = Home;
			sourceTree = "<group>";
		};
		D4CEB1662BC2DAF5005A8867 /* Login */ = {
			isa = PBXGroup;
			children = (
				D4CEB14A2BC199F6005A8867 /* LoginViewController.swift */,
			);
			path = Login;
			sourceTree = "<group>";
		};
		D4CEB1672BC2DAFA005A8867 /* Welcome */ = {
			isa = PBXGroup;
			children = (
				D4CEB11A2BC19465005A8867 /* WelcomeViewController.swift */,
			);
			path = Welcome;
			sourceTree = "<group>";
		};
		D4CEB17E2BC32282005A8867 /* AccessibilityTypes */ = {
			isa = PBXGroup;
			children = (
				D4CEB1622BC2C71B005A8867 /* CreateAccountAccessibility.swift */,
				D4CEB1572BC2BAED005A8867 /* HomeAccessibility.swift */,
				D4CEB15A2BC2BB72005A8867 /* LoginAccessibility.swift */,
				D4CEB15D2BC2BBA4005A8867 /* WelcomeAccessibility.swift */,
			);
			path = AccessibilityTypes;
			sourceTree = "<group>";
		};
		D4CEB1882BC323C2005A8867 /* Frameworks */ = {
			isa = PBXGroup;
			children = (
			);
			name = Frameworks;
			sourceTree = "<group>";
		};
/* End PBXGroup section */

/* Begin PBXNativeTarget section */
		D4A8F1512BC41F0500B6DA00 /* UITestDesignDemoUITests */ = {
			isa = PBXNativeTarget;
			buildConfigurationList = D4A8F15A2BC41F0500B6DA00 /* Build configuration list for PBXNativeTarget "UITestDesignDemoUITests" */;
			buildPhases = (
				D4A8F14E2BC41F0500B6DA00 /* Sources */,
				D4A8F14F2BC41F0500B6DA00 /* Frameworks */,
				D4A8F1502BC41F0500B6DA00 /* Resources */,
			);
			buildRules = (
			);
			dependencies = (
				D4A8F1592BC41F0500B6DA00 /* PBXTargetDependency */,
			);
			name = UITestDesignDemoUITests;
			productName = UITestDesignDemoUITests;
			productReference = D4A8F1522BC41F0500B6DA00 /* UITestDesignDemoUITests.xctest */;
			productType = "com.apple.product-type.bundle.ui-testing";
		};
		D4CEB1122BC19465005A8867 /* UITestDesignDemo */ = {
			isa = PBXNativeTarget;
			buildConfigurationList = D4CEB13D2BC19466005A8867 /* Build configuration list for PBXNativeTarget "UITestDesignDemo" */;
			buildPhases = (
				D4CEB10F2BC19465005A8867 /* Sources */,
				D4CEB1102BC19465005A8867 /* Frameworks */,
				D4CEB1112BC19465005A8867 /* Resources */,
			);
			buildRules = (
			);
			dependencies = (
			);
			name = UITestDesignDemo;
			productName = AccessibilityDemo;
			productReference = D4CEB1132BC19465005A8867 /* UITestDesignDemo.app */;
			productType = "com.apple.product-type.application";
		};
		D4CEB17C2BC32282005A8867 /* AccessibilityTypes */ = {
			isa = PBXNativeTarget;
			buildConfigurationList = D4CEB1812BC32282005A8867 /* Build configuration list for PBXNativeTarget "AccessibilityTypes" */;
			buildPhases = (
				D4CEB1792BC32282005A8867 /* Sources */,
				D4CEB17A2BC32282005A8867 /* Frameworks */,
				D4CEB17B2BC32282005A8867 /* CopyFiles */,
			);
			buildRules = (
			);
			dependencies = (
			);
			name = AccessibilityTypes;
			productName = AccessibilityTypes;
			productReference = D4CEB17D2BC32282005A8867 /* libAccessibilityTypes.a */;
			productType = "com.apple.product-type.library.static";
		};
/* End PBXNativeTarget section */

/* Begin PBXProject section */
		D4CEB10B2BC19465005A8867 /* Project object */ = {
			isa = PBXProject;
			attributes = {
				BuildIndependentTargetsInParallel = 1;
				LastSwiftUpdateCheck = 1530;
				LastUpgradeCheck = 1530;
				TargetAttributes = {
					D4A8F1512BC41F0500B6DA00 = {
						CreatedOnToolsVersion = 15.3;
						TestTargetID = D4CEB1122BC19465005A8867;
					};
					D4CEB1122BC19465005A8867 = {
						CreatedOnToolsVersion = 15.3;
					};
					D4CEB17C2BC32282005A8867 = {
						CreatedOnToolsVersion = 15.3;
					};
				};
			};
			buildConfigurationList = D4CEB10E2BC19465005A8867 /* Build configuration list for PBXProject "UITestDesignDemo" */;
			compatibilityVersion = "Xcode 14.0";
			developmentRegion = en;
			hasScannedForEncodings = 0;
			knownRegions = (
				en,
				Base,
			);
			mainGroup = D4CEB10A2BC19465005A8867;
			productRefGroup = D4CEB1142BC19465005A8867 /* Products */;
			projectDirPath = "";
			projectRoot = "";
			targets = (
				D4CEB1122BC19465005A8867 /* UITestDesignDemo */,
				D4CEB17C2BC32282005A8867 /* AccessibilityTypes */,
				D4A8F1512BC41F0500B6DA00 /* UITestDesignDemoUITests */,
			);
		};
/* End PBXProject section */

/* Begin PBXResourcesBuildPhase section */
		D4A8F1502BC41F0500B6DA00 /* Resources */ = {
			isa = PBXResourcesBuildPhase;
			buildActionMask = 2147483647;
			files = (
			);
			runOnlyForDeploymentPostprocessing = 0;
		};
		D4CEB1112BC19465005A8867 /* Resources */ = {
			isa = PBXResourcesBuildPhase;
			buildActionMask = 2147483647;
			files = (
				D4CEB1202BC19466005A8867 /* Assets.xcassets in Resources */,
				D4CEB1232BC19466005A8867 /* Base in Resources */,
				D4CEB11E2BC19465005A8867 /* Base in Resources */,
			);
			runOnlyForDeploymentPostprocessing = 0;
		};
/* End PBXResourcesBuildPhase section */

/* Begin PBXSourcesBuildPhase section */
		D4A8F14E2BC41F0500B6DA00 /* Sources */ = {
			isa = PBXSourcesBuildPhase;
			buildActionMask = 2147483647;
			files = (
				D4A8F1552BC41F0500B6DA00 /* UITestDesignDemoUITests.swift in Sources */,
			);
			runOnlyForDeploymentPostprocessing = 0;
		};
		D4CEB10F2BC19465005A8867 /* Sources */ = {
			isa = PBXSourcesBuildPhase;
			buildActionMask = 2147483647;
			files = (
				D4CEB11B2BC19465005A8867 /* WelcomeViewController.swift in Sources */,
				D4CEB1172BC19465005A8867 /* AppDelegate.swift in Sources */,
				D4CEB1192BC19465005A8867 /* SceneDelegate.swift in Sources */,
				D4CEB1612BC2C5E3005A8867 /* CreateAccountViewController.swift in Sources */,
				D4CEB14F2BC19B11005A8867 /* TextField.swift in Sources */,
				D4CEB14B2BC199F6005A8867 /* LoginViewController.swift in Sources */,
				D4CEB1492BC195CE005A8867 /* Button.swift in Sources */,
				D4CEB1522BC19C1C005A8867 /* UIStoryboard+Extensions.swift in Sources */,
				D4CEB1562BC2AE61005A8867 /* Optional+Extensions.swift in Sources */,
				D4CEB1542BC2A8CF005A8867 /* HomeViewController.swift in Sources */,
			);
			runOnlyForDeploymentPostprocessing = 0;
		};
		D4CEB1792BC32282005A8867 /* Sources */ = {
			isa = PBXSourcesBuildPhase;
			buildActionMask = 2147483647;
			files = (
				D4CEB1842BC32287005A8867 /* WelcomeAccessibility.swift in Sources */,
				D4CEB1852BC32287005A8867 /* HomeAccessibility.swift in Sources */,
				D4CEB1862BC32287005A8867 /* CreateAccountAccessibility.swift in Sources */,
				D4CEB1872BC32287005A8867 /* LoginAccessibility.swift in Sources */,
			);
			runOnlyForDeploymentPostprocessing = 0;
		};
/* End PBXSourcesBuildPhase section */

/* Begin PBXTargetDependency section */
		D4A8F1592BC41F0500B6DA00 /* PBXTargetDependency */ = {
			isa = PBXTargetDependency;
			target = D4CEB1122BC19465005A8867 /* UITestDesignDemo */;
			targetProxy = D4A8F1582BC41F0500B6DA00 /* PBXContainerItemProxy */;
		};
/* End PBXTargetDependency section */

/* Begin PBXVariantGroup section */
		D4CEB11C2BC19465005A8867 /* Main.storyboard */ = {
			isa = PBXVariantGroup;
			children = (
				D4CEB11D2BC19465005A8867 /* Base */,
			);
			name = Main.storyboard;
			sourceTree = "<group>";
		};
		D4CEB1212BC19466005A8867 /* LaunchScreen.storyboard */ = {
			isa = PBXVariantGroup;
			children = (
				D4CEB1222BC19466005A8867 /* Base */,
			);
			name = LaunchScreen.storyboard;
			sourceTree = "<group>";
		};
/* End PBXVariantGroup section */

/* Begin XCBuildConfiguration section */
		D4A8F15B2BC41F0500B6DA00 /* Debug */ = {
			isa = XCBuildConfiguration;
			buildSettings = {
				CODE_SIGN_STYLE = Automatic;
				CURRENT_PROJECT_VERSION = 1;
				GENERATE_INFOPLIST_FILE = YES;
				MARKETING_VERSION = 1.0;
				PRODUCT_BUNDLE_IDENTIFIER = crabtree.rob.UITestDesignDemoUITests;
				PRODUCT_NAME = "$(TARGET_NAME)";
				SWIFT_EMIT_LOC_STRINGS = NO;
				SWIFT_VERSION = 5.0;
				TARGETED_DEVICE_FAMILY = "1,2";
				TEST_TARGET_NAME = UITestDesignDemo;
			};
			name = Debug;
		};
		D4A8F15C2BC41F0500B6DA00 /* Release */ = {
			isa = XCBuildConfiguration;
			buildSettings = {
				CODE_SIGN_STYLE = Automatic;
				CURRENT_PROJECT_VERSION = 1;
				GENERATE_INFOPLIST_FILE = YES;
				MARKETING_VERSION = 1.0;
				PRODUCT_BUNDLE_IDENTIFIER = crabtree.rob.UITestDesignDemoUITests;
				PRODUCT_NAME = "$(TARGET_NAME)";
				SWIFT_EMIT_LOC_STRINGS = NO;
				SWIFT_VERSION = 5.0;
				TARGETED_DEVICE_FAMILY = "1,2";
				TEST_TARGET_NAME = UITestDesignDemo;
			};
			name = Release;
		};
		D4CEB13B2BC19466005A8867 /* Debug */ = {
			isa = XCBuildConfiguration;
			buildSettings = {
				ALWAYS_SEARCH_USER_PATHS = NO;
				ASSETCATALOG_COMPILER_GENERATE_SWIFT_ASSET_SYMBOL_EXTENSIONS = YES;
				CLANG_ANALYZER_NONNULL = YES;
				CLANG_ANALYZER_NUMBER_OBJECT_CONVERSION = YES_AGGRESSIVE;
				CLANG_CXX_LANGUAGE_STANDARD = "gnu++20";
				CLANG_ENABLE_MODULES = YES;
				CLANG_ENABLE_OBJC_ARC = YES;
				CLANG_ENABLE_OBJC_WEAK = YES;
				CLANG_WARN_BLOCK_CAPTURE_AUTORELEASING = YES;
				CLANG_WARN_BOOL_CONVERSION = YES;
				CLANG_WARN_COMMA = YES;
				CLANG_WARN_CONSTANT_CONVERSION = YES;
				CLANG_WARN_DEPRECATED_OBJC_IMPLEMENTATIONS = YES;
				CLANG_WARN_DIRECT_OBJC_ISA_USAGE = YES_ERROR;
				CLANG_WARN_DOCUMENTATION_COMMENTS = YES;
				CLANG_WARN_EMPTY_BODY = YES;
				CLANG_WARN_ENUM_CONVERSION = YES;
				CLANG_WARN_INFINITE_RECURSION = YES;
				CLANG_WARN_INT_CONVERSION = YES;
				CLANG_WARN_NON_LITERAL_NULL_CONVERSION = YES;
				CLANG_WARN_OBJC_IMPLICIT_RETAIN_SELF = YES;
				CLANG_WARN_OBJC_LITERAL_CONVERSION = YES;
				CLANG_WARN_OBJC_ROOT_CLASS = YES_ERROR;
				CLANG_WARN_QUOTED_INCLUDE_IN_FRAMEWORK_HEADER = YES;
				CLANG_WARN_RANGE_LOOP_ANALYSIS = YES;
				CLANG_WARN_STRICT_PROTOTYPES = YES;
				CLANG_WARN_SUSPICIOUS_MOVE = YES;
				CLANG_WARN_UNGUARDED_AVAILABILITY = YES_AGGRESSIVE;
				CLANG_WARN_UNREACHABLE_CODE = YES;
				CLANG_WARN__DUPLICATE_METHOD_MATCH = YES;
				COPY_PHASE_STRIP = NO;
				DEBUG_INFORMATION_FORMAT = dwarf;
				ENABLE_STRICT_OBJC_MSGSEND = YES;
				ENABLE_TESTABILITY = YES;
				ENABLE_USER_SCRIPT_SANDBOXING = YES;
				GCC_C_LANGUAGE_STANDARD = gnu17;
				GCC_DYNAMIC_NO_PIC = NO;
				GCC_NO_COMMON_BLOCKS = YES;
				GCC_OPTIMIZATION_LEVEL = 0;
				GCC_PREPROCESSOR_DEFINITIONS = (
					"DEBUG=1",
					"$(inherited)",
				);
				GCC_WARN_64_TO_32_BIT_CONVERSION = YES;
				GCC_WARN_ABOUT_RETURN_TYPE = YES_ERROR;
				GCC_WARN_UNDECLARED_SELECTOR = YES;
				GCC_WARN_UNINITIALIZED_AUTOS = YES_AGGRESSIVE;
				GCC_WARN_UNUSED_FUNCTION = YES;
				GCC_WARN_UNUSED_VARIABLE = YES;
				IPHONEOS_DEPLOYMENT_TARGET = 17.4;
				LOCALIZATION_PREFERS_STRING_CATALOGS = YES;
				MTL_ENABLE_DEBUG_INFO = INCLUDE_SOURCE;
				MTL_FAST_MATH = YES;
				ONLY_ACTIVE_ARCH = YES;
				SDKROOT = iphoneos;
				SWIFT_ACTIVE_COMPILATION_CONDITIONS = "DEBUG $(inherited)";
				SWIFT_OPTIMIZATION_LEVEL = "-Onone";
			};
			name = Debug;
		};
		D4CEB13C2BC19466005A8867 /* Release */ = {
			isa = XCBuildConfiguration;
			buildSettings = {
				ALWAYS_SEARCH_USER_PATHS = NO;
				ASSETCATALOG_COMPILER_GENERATE_SWIFT_ASSET_SYMBOL_EXTENSIONS = YES;
				CLANG_ANALYZER_NONNULL = YES;
				CLANG_ANALYZER_NUMBER_OBJECT_CONVERSION = YES_AGGRESSIVE;
				CLANG_CXX_LANGUAGE_STANDARD = "gnu++20";
				CLANG_ENABLE_MODULES = YES;
				CLANG_ENABLE_OBJC_ARC = YES;
				CLANG_ENABLE_OBJC_WEAK = YES;
				CLANG_WARN_BLOCK_CAPTURE_AUTORELEASING = YES;
				CLANG_WARN_BOOL_CONVERSION = YES;
				CLANG_WARN_COMMA = YES;
				CLANG_WARN_CONSTANT_CONVERSION = YES;
				CLANG_WARN_DEPRECATED_OBJC_IMPLEMENTATIONS = YES;
				CLANG_WARN_DIRECT_OBJC_ISA_USAGE = YES_ERROR;
				CLANG_WARN_DOCUMENTATION_COMMENTS = YES;
				CLANG_WARN_EMPTY_BODY = YES;
				CLANG_WARN_ENUM_CONVERSION = YES;
				CLANG_WARN_INFINITE_RECURSION = YES;
				CLANG_WARN_INT_CONVERSION = YES;
				CLANG_WARN_NON_LITERAL_NULL_CONVERSION = YES;
				CLANG_WARN_OBJC_IMPLICIT_RETAIN_SELF = YES;
				CLANG_WARN_OBJC_LITERAL_CONVERSION = YES;
				CLANG_WARN_OBJC_ROOT_CLASS = YES_ERROR;
				CLANG_WARN_QUOTED_INCLUDE_IN_FRAMEWORK_HEADER = YES;
				CLANG_WARN_RANGE_LOOP_ANALYSIS = YES;
				CLANG_WARN_STRICT_PROTOTYPES = YES;
				CLANG_WARN_SUSPICIOUS_MOVE = YES;
				CLANG_WARN_UNGUARDED_AVAILABILITY = YES_AGGRESSIVE;
				CLANG_WARN_UNREACHABLE_CODE = YES;
				CLANG_WARN__DUPLICATE_METHOD_MATCH = YES;
				COPY_PHASE_STRIP = NO;
				DEBUG_INFORMATION_FORMAT = "dwarf-with-dsym";
				ENABLE_NS_ASSERTIONS = NO;
				ENABLE_STRICT_OBJC_MSGSEND = YES;
				ENABLE_USER_SCRIPT_SANDBOXING = YES;
				GCC_C_LANGUAGE_STANDARD = gnu17;
				GCC_NO_COMMON_BLOCKS = YES;
				GCC_WARN_64_TO_32_BIT_CONVERSION = YES;
				GCC_WARN_ABOUT_RETURN_TYPE = YES_ERROR;
				GCC_WARN_UNDECLARED_SELECTOR = YES;
				GCC_WARN_UNINITIALIZED_AUTOS = YES_AGGRESSIVE;
				GCC_WARN_UNUSED_FUNCTION = YES;
				GCC_WARN_UNUSED_VARIABLE = YES;
				IPHONEOS_DEPLOYMENT_TARGET = 17.4;
				LOCALIZATION_PREFERS_STRING_CATALOGS = YES;
				MTL_ENABLE_DEBUG_INFO = NO;
				MTL_FAST_MATH = YES;
				SDKROOT = iphoneos;
				SWIFT_COMPILATION_MODE = wholemodule;
				VALIDATE_PRODUCT = YES;
			};
			name = Release;
		};
		D4CEB13E2BC19466005A8867 /* Debug */ = {
			isa = XCBuildConfiguration;
			buildSettings = {
				ASSETCATALOG_COMPILER_APPICON_NAME = AppIcon;
				ASSETCATALOG_COMPILER_GLOBAL_ACCENT_COLOR_NAME = AccentColor;
				CODE_SIGN_STYLE = Automatic;
				CURRENT_PROJECT_VERSION = 1;
				GENERATE_INFOPLIST_FILE = YES;
				INFOPLIST_FILE = UITestDesignDemo/Info.plist;
				INFOPLIST_KEY_UIApplicationSupportsIndirectInputEvents = YES;
				INFOPLIST_KEY_UILaunchStoryboardName = LaunchScreen;
				INFOPLIST_KEY_UIMainStoryboardFile = Main;
				INFOPLIST_KEY_UISupportedInterfaceOrientations_iPad = "UIInterfaceOrientationPortrait UIInterfaceOrientationPortraitUpsideDown UIInterfaceOrientationLandscapeLeft UIInterfaceOrientationLandscapeRight";
				INFOPLIST_KEY_UISupportedInterfaceOrientations_iPhone = "UIInterfaceOrientationPortrait UIInterfaceOrientationLandscapeLeft UIInterfaceOrientationLandscapeRight";
				LD_RUNPATH_SEARCH_PATHS = (
					"$(inherited)",
					"@executable_path/Frameworks",
				);
				MARKETING_VERSION = 1.0;
				PRODUCT_BUNDLE_IDENTIFIER = crabtree.rob.UITestDesignDemo;
				PRODUCT_NAME = "$(TARGET_NAME)";
				SWIFT_EMIT_LOC_STRINGS = YES;
				SWIFT_VERSION = 5.0;
				TARGETED_DEVICE_FAMILY = "1,2";
			};
			name = Debug;
		};
		D4CEB13F2BC19466005A8867 /* Release */ = {
			isa = XCBuildConfiguration;
			buildSettings = {
				ASSETCATALOG_COMPILER_APPICON_NAME = AppIcon;
				ASSETCATALOG_COMPILER_GLOBAL_ACCENT_COLOR_NAME = AccentColor;
				CODE_SIGN_STYLE = Automatic;
				CURRENT_PROJECT_VERSION = 1;
				GENERATE_INFOPLIST_FILE = YES;
				INFOPLIST_FILE = UITestDesignDemo/Info.plist;
				INFOPLIST_KEY_UIApplicationSupportsIndirectInputEvents = YES;
				INFOPLIST_KEY_UILaunchStoryboardName = LaunchScreen;
				INFOPLIST_KEY_UIMainStoryboardFile = Main;
				INFOPLIST_KEY_UISupportedInterfaceOrientations_iPad = "UIInterfaceOrientationPortrait UIInterfaceOrientationPortraitUpsideDown UIInterfaceOrientationLandscapeLeft UIInterfaceOrientationLandscapeRight";
				INFOPLIST_KEY_UISupportedInterfaceOrientations_iPhone = "UIInterfaceOrientationPortrait UIInterfaceOrientationLandscapeLeft UIInterfaceOrientationLandscapeRight";
				LD_RUNPATH_SEARCH_PATHS = (
					"$(inherited)",
					"@executable_path/Frameworks",
				);
				MARKETING_VERSION = 1.0;
				PRODUCT_BUNDLE_IDENTIFIER = crabtree.rob.UITestDesignDemo;
				PRODUCT_NAME = "$(TARGET_NAME)";
				SWIFT_EMIT_LOC_STRINGS = YES;
				SWIFT_VERSION = 5.0;
				TARGETED_DEVICE_FAMILY = "1,2";
			};
			name = Release;
		};
		D4CEB1822BC32282005A8867 /* Debug */ = {
			isa = XCBuildConfiguration;
			buildSettings = {
				CODE_SIGN_STYLE = Automatic;
				OTHER_LDFLAGS = "-ObjC";
				PRODUCT_NAME = "$(TARGET_NAME)";
				SKIP_INSTALL = YES;
				SWIFT_VERSION = 5.0;
				TARGETED_DEVICE_FAMILY = "1,2";
			};
			name = Debug;
		};
		D4CEB1832BC32282005A8867 /* Release */ = {
			isa = XCBuildConfiguration;
			buildSettings = {
				CODE_SIGN_STYLE = Automatic;
				OTHER_LDFLAGS = "-ObjC";
				PRODUCT_NAME = "$(TARGET_NAME)";
				SKIP_INSTALL = YES;
				SWIFT_VERSION = 5.0;
				TARGETED_DEVICE_FAMILY = "1,2";
			};
			name = Release;
		};
/* End XCBuildConfiguration section */

/* Begin XCConfigurationList section */
		D4A8F15A2BC41F0500B6DA00 /* Build configuration list for PBXNativeTarget "UITestDesignDemoUITests" */ = {
			isa = XCConfigurationList;
			buildConfigurations = (
				D4A8F15B2BC41F0500B6DA00 /* Debug */,
				D4A8F15C2BC41F0500B6DA00 /* Release */,
			);
			defaultConfigurationIsVisible = 0;
			defaultConfigurationName = Release;
		};
		D4CEB10E2BC19465005A8867 /* Build configuration list for PBXProject "UITestDesignDemo" */ = {
			isa = XCConfigurationList;
			buildConfigurations = (
				D4CEB13B2BC19466005A8867 /* Debug */,
				D4CEB13C2BC19466005A8867 /* Release */,
			);
			defaultConfigurationIsVisible = 0;
			defaultConfigurationName = Release;
		};
		D4CEB13D2BC19466005A8867 /* Build configuration list for PBXNativeTarget "UITestDesignDemo" */ = {
			isa = XCConfigurationList;
			buildConfigurations = (
				D4CEB13E2BC19466005A8867 /* Debug */,
				D4CEB13F2BC19466005A8867 /* Release */,
			);
			defaultConfigurationIsVisible = 0;
			defaultConfigurationName = Release;
		};
		D4CEB1812BC32282005A8867 /* Build configuration list for PBXNativeTarget "AccessibilityTypes" */ = {
			isa = XCConfigurationList;
			buildConfigurations = (
				D4CEB1822BC32282005A8867 /* Debug */,
				D4CEB1832BC32282005A8867 /* Release */,
			);
			defaultConfigurationIsVisible = 0;
			defaultConfigurationName = Release;
		};
/* End XCConfigurationList section */
	};
	rootObject = D4CEB10B2BC19465005A8867 /* Project object */;
}
